
Microsoft Visual Studio Solution File, Format Version 12.00
# Visual Studio Version 17
VisualStudioVersion = 17.12.35506.116
MinimumVisualStudioVersion = 10.0.40219.1
Project("{FAE04EC0-301F-11D3-BF4B-00C04F79EFBC}") = "CSharp_For_Foreach_Loop", "CSharp_For_Foreach_Loop\CSharp_For_Foreach_Loop.csproj", "{0DA0DBD5-5E64-4FEE-91F3-B3F935EC67BF}"
EndProject
Project("{FAE04EC0-301F-11D3-BF4B-00C04F79EFBC}") = "CSharp_Methods", "CSharp_Methods\CSharp_Methods.csproj", "{FDD26B45-919D-497C-805A-36BFE4F6DA21}"
EndProject
Project("{FAE04EC0-301F-11D3-BF4B-00C04F79EFBC}") = "CSharp_MethodParameter", "CSharp_MethodParameter\CSharp_MethodParameter.csproj", "{99734F67-A439-4E70-8DB3-F68F018B928A}"
EndProject
Project("{FAE04EC0-301F-11D3-BF4B-00C04F79EFBC}") = "CSharp_GetAPI_Call", "CSharp_GetAPI_Call\CSharp_GetAPI_Call.csproj", "{FC807D54-4906-4384-B1C3-588390AF0038}"
EndProject
Project("{FAE04EC0-301F-11D3-BF4B-00C04F79EFBC}") = "CSharp_Namespace", "CShaep_Namespace\CSharp_Namespace.csproj", "{FB132489-3A0B-4AC0-8417-F2AAF54FF437}"
EndProject
Project("{FAE04EC0-301F-11D3-BF4B-00C04F79EFBC}") = "ProjectA.TeamA", "ProjectA.TeamA\ProjectA.TeamA.csproj", "{1A96822C-DB6B-4134-A182-95852702427D}"
EndProject
Project("{FAE04EC0-301F-11D3-BF4B-00C04F79EFBC}") = "ProjectA.TeamB", "ProjectA.TeamB\ProjectA.TeamB.csproj", "{2CA2D06A-7345-4B10-A158-EDC0A44A2CB6}"
EndProject
Project("{FAE04EC0-301F-11D3-BF4B-00C04F79EFBC}") = "CSharp_Classes", "CSharp_Classes\CSharp_Classes.csproj", "{152C1E1F-1895-4F6B-AC7A-8FD362B0C22B}"
EndProject
Project("{FAE04EC0-301F-11D3-BF4B-00C04F79EFBC}") = "CSharp_Encapsulation", "CSharp_Encapsulation\CSharp_Encapsulation.csproj", "{6D789F11-BADF-4F4E-A6D6-EA62E80E4A79}"
EndProject
Project("{FAE04EC0-301F-11D3-BF4B-00C04F79EFBC}") = "CSharp_Inheritance", "CSharp_Inheritance\CSharp_Inheritance.csproj", "{055B9681-B151-4763-B7B1-959BEC35509E}"
EndProject
Project("{FAE04EC0-301F-11D3-BF4B-00C04F79EFBC}") = "CSharp_MethodHiding", "CSharp_MethodHiding\CSharp_MethodHiding.csproj", "{855E99C7-EB1D-4AC0-B086-21683B83DF9E}"
EndProject
Project("{FAE04EC0-301F-11D3-BF4B-00C04F79EFBC}") = "CSharp_Polymorphism", "CSharp_Polymorphism\CSharp_Polymorphism.csproj", "{9576D480-0CB8-47DD-96D3-912CD53FC605}"
EndProject
Project("{FAE04EC0-301F-11D3-BF4B-00C04F79EFBC}") = "WebApplication-WEB_API", "WebApplication-WEB_API\WebApplication-WEB_API.csproj", "{C6AD7546-FFC7-46A2-B960-7842479AFB81}"
EndProject
Project("{FAE04EC0-301F-11D3-BF4B-00C04F79EFBC}") = "CrudOperationWithMongoDB", "CrudOperationWithMongoDB\CrudOperationWithMongoDB.csproj", "{BA0D925A-0114-4791-A950-E25EF092ACC3}"
EndProject
Project("{FAE04EC0-301F-11D3-BF4B-00C04F79EFBC}") = "CSharp_NullableTypes", "CSharp_NullableTypes\CSharp_NullableTypes.csproj", "{AEFCAF78-3F3D-4951-93BA-FE250F8800EE}"
EndProject
Project("{FAE04EC0-301F-11D3-BF4B-00C04F79EFBC}") = "CSharp_MethodOverriding_MethodHiding_Difference", "CSharp_MethodOverriding_MethodHiding_Difference\CSharp_MethodOverriding_MethodHiding_Difference.csproj", "{FE4AAA43-C3C0-4A71-BF67-473C9E1D2C20}"
EndProject
Project("{FAE04EC0-301F-11D3-BF4B-00C04F79EFBC}") = "CSharp_Arrays", "CSharp_Arrays\CSharp_Arrays.csproj", "{E1B7EE75-63E9-4C3F-BC1F-418D5444D1C1}"
EndProject
Project("{FAE04EC0-301F-11D3-BF4B-00C04F79EFBC}") = "CSharp_Strings", "CSharp_Strings\CSharp_Strings.csproj", "{0D414AA0-4AA2-410B-A671-B313173D2FF6}"
EndProject
Project("{FAE04EC0-301F-11D3-BF4B-00C04F79EFBC}") = "CSharp_Structures", "CSharp_Structures\CSharp_Structures.csproj", "{A81B9C83-1410-42E0-AAAC-533D16E9B7E5}"
EndProject
Project("{FAE04EC0-301F-11D3-BF4B-00C04F79EFBC}") = "CSharp_Enums", "CSharp_Enums\CSharp_Enums.csproj", "{3E75C355-F368-4CB7-974F-AC5D0BF05F39}"
EndProject
Project("{FAE04EC0-301F-11D3-BF4B-00C04F79EFBC}") = "CSharp_Classes_Tutorial", "CSharp_Classes_Tutorial\CSharp_Classes_Tutorial.csproj", "{F6923046-4264-4FD7-B7E0-2C23794078B3}"
EndProject
Project("{FAE04EC0-301F-11D3-BF4B-00C04F79EFBC}") = "CSharp_Inheritance_Tutorial", "CSharp_Inheritance_Tutorial\CSharp_Inheritance_Tutorial.csproj", "{ACB2E68F-6F30-4AA5-BAAB-2CFAB19734FB}"
EndProject
Project("{FAE04EC0-301F-11D3-BF4B-00C04F79EFBC}") = "CSharp_Polymorphism_Tutorial", "CSharp_Polymorphism_Tutorial\CSharp_Polymorphism_Tutorial.csproj", "{8E15026F-E6DC-46A6-BF33-896B23F5B4CE}"
EndProject
Project("{FAE04EC0-301F-11D3-BF4B-00C04F79EFBC}") = "CSharp_Operator_Overloading", "CSharp_Operator_Overloading\CSharp_Operator_Overloading.csproj", "{E683175F-36D3-4CC1-ADA0-B0126B5C7083}"
EndProject
Project("{FAE04EC0-301F-11D3-BF4B-00C04F79EFBC}") = "CSharp_Interfaces", "CSharp_Interfaces\CSharp_Interfaces.csproj", "{8454D29D-3996-4AAC-92E1-561D9833E604}"
EndProject
Project("{FAE04EC0-301F-11D3-BF4B-00C04F79EFBC}") = "CSharp_Namespaces", "CSharp_Namespaces\CSharp_Namespaces.csproj", "{95BA3296-0488-41A9-B06A-3E417585CF7A}"
EndProject
Project("{FAE04EC0-301F-11D3-BF4B-00C04F79EFBC}") = "CSharp_PreprocessorDirectives", "CSharp_PreprocessorDirectives\CSharp_PreprocessorDirectives.csproj", "{277372CA-81A4-4608-8318-1A1414CF32F7}"
EndProject
Project("{FAE04EC0-301F-11D3-BF4B-00C04F79EFBC}") = "CSharp_RegularExpressions", "CSharp_RegularExpressions\CSharp_RegularExpressions.csproj", "{4195BEA8-B52D-4842-B350-21378DEA465A}"
EndProject
Project("{FAE04EC0-301F-11D3-BF4B-00C04F79EFBC}") = "CSharp_ExceptionHandling", "CSharp_ExceptionHandling\CSharp_ExceptionHandling.csproj", "{5C58E873-03E8-4D28-A243-7B9F7AD9C294}"
EndProject
Project("{FAE04EC0-301F-11D3-BF4B-00C04F79EFBC}") = "CSharp_FileIO", "CSharp_FileIO\CSharp_FileIO.csproj", "{0D5218DD-F3A0-44A3-BCA3-C620FC592C73}"
EndProject
Project("{FAE04EC0-301F-11D3-BF4B-00C04F79EFBC}") = "CSharp_Attributes", "CSharp_Attributes\CSharp_Attributes.csproj", "{3C6E3DCA-A616-4403-A32E-BA623D4B0562}"
EndProject
Project("{FAE04EC0-301F-11D3-BF4B-00C04F79EFBC}") = "CSharp_Reflection", "CSharp_Reflection\CSharp_Reflection.csproj", "{CE3ACA40-938D-4932-983D-E61BB01D7DFC}"
EndProject
Project("{FAE04EC0-301F-11D3-BF4B-00C04F79EFBC}") = "CSharp_Properties", "CSharp_Properties\CSharp_Properties.csproj", "{D7C025D4-8C7D-4325-B104-44E779E7EE97}"
EndProject
Project("{FAE04EC0-301F-11D3-BF4B-00C04F79EFBC}") = "CSharp_Indexers", "CSharp_Indexers\CSharp_Indexers.csproj", "{FED326F9-EAB2-4243-BA80-2EC09FE8FBC4}"
EndProject
Project("{FAE04EC0-301F-11D3-BF4B-00C04F79EFBC}") = "CSharp_Delegates", "CSharp_Delegates\CSharp_Delegates.csproj", "{029EFE4D-C0D7-4BE7-BC1C-EDE377796BF2}"
EndProject
Project("{FAE04EC0-301F-11D3-BF4B-00C04F79EFBC}") = "CSharp_Events", "CSharp_Events\CSharp_Events.csproj", "{9C3E3B0E-B00E-40C4-954F-BB448661B210}"
EndProject
Project("{FAE04EC0-301F-11D3-BF4B-00C04F79EFBC}") = "CSharp_Collection_ArrayList_Class", "CSharp_Collections_ArrayList\CSharp_Collection_ArrayList_Class.csproj", "{AE8C4BB2-4CD0-4E1D-A986-78981BBEC787}"
EndProject
Project("{FAE04EC0-301F-11D3-BF4B-00C04F79EFBC}") = "CSharp_Collection_Hashtable_Class", "CSharp_Hashtable_Class\CSharp_Collection_Hashtable_Class.csproj", "{F140099E-7259-4A2E-811F-B942823DCEF7}"
EndProject
Project("{FAE04EC0-301F-11D3-BF4B-00C04F79EFBC}") = "CSharp_Collection_SortedList_Class", "CSharp_Collection_SortedList_Class\CSharp_Collection_SortedList_Class.csproj", "{F5B1B48F-D684-4812-ACB5-C90F172FE42D}"
EndProject
Project("{FAE04EC0-301F-11D3-BF4B-00C04F79EFBC}") = "CSharp_Collection_Stack_Class", "CSharp_Collection_Stack_Class\CSharp_Collection_Stack_Class.csproj", "{6093EC72-DD8A-4A28-8C5F-938C8CC21BE4}"
EndProject
Project("{FAE04EC0-301F-11D3-BF4B-00C04F79EFBC}") = "CSharp_Collection_Queue_Class", "CSharp_Queue_Class\CSharp_Collection_Queue_Class.csproj", "{39207CE8-E2F5-4165-8CEB-2CD070B55B37}"
EndProject
Global
	GlobalSection(SolutionConfigurationPlatforms) = preSolution
		Debug|Any CPU = Debug|Any CPU
		Release|Any CPU = Release|Any CPU
	EndGlobalSection
	GlobalSection(ProjectConfigurationPlatforms) = postSolution
		{0DA0DBD5-5E64-4FEE-91F3-B3F935EC67BF}.Debug|Any CPU.ActiveCfg = Debug|Any CPU
		{0DA0DBD5-5E64-4FEE-91F3-B3F935EC67BF}.Debug|Any CPU.Build.0 = Debug|Any CPU
		{0DA0DBD5-5E64-4FEE-91F3-B3F935EC67BF}.Release|Any CPU.ActiveCfg = Release|Any CPU
		{0DA0DBD5-5E64-4FEE-91F3-B3F935EC67BF}.Release|Any CPU.Build.0 = Release|Any CPU
		{FDD26B45-919D-497C-805A-36BFE4F6DA21}.Debug|Any CPU.ActiveCfg = Debug|Any CPU
		{FDD26B45-919D-497C-805A-36BFE4F6DA21}.Debug|Any CPU.Build.0 = Debug|Any CPU
		{FDD26B45-919D-497C-805A-36BFE4F6DA21}.Release|Any CPU.ActiveCfg = Release|Any CPU
		{FDD26B45-919D-497C-805A-36BFE4F6DA21}.Release|Any CPU.Build.0 = Release|Any CPU
		{99734F67-A439-4E70-8DB3-F68F018B928A}.Debug|Any CPU.ActiveCfg = Debug|Any CPU
		{99734F67-A439-4E70-8DB3-F68F018B928A}.Debug|Any CPU.Build.0 = Debug|Any CPU
		{99734F67-A439-4E70-8DB3-F68F018B928A}.Release|Any CPU.ActiveCfg = Release|Any CPU
		{99734F67-A439-4E70-8DB3-F68F018B928A}.Release|Any CPU.Build.0 = Release|Any CPU
		{FC807D54-4906-4384-B1C3-588390AF0038}.Debug|Any CPU.ActiveCfg = Debug|Any CPU
		{FC807D54-4906-4384-B1C3-588390AF0038}.Debug|Any CPU.Build.0 = Debug|Any CPU
		{FC807D54-4906-4384-B1C3-588390AF0038}.Release|Any CPU.ActiveCfg = Release|Any CPU
		{FC807D54-4906-4384-B1C3-588390AF0038}.Release|Any CPU.Build.0 = Release|Any CPU
		{FB132489-3A0B-4AC0-8417-F2AAF54FF437}.Debug|Any CPU.ActiveCfg = Debug|Any CPU
		{FB132489-3A0B-4AC0-8417-F2AAF54FF437}.Debug|Any CPU.Build.0 = Debug|Any CPU
		{FB132489-3A0B-4AC0-8417-F2AAF54FF437}.Release|Any CPU.ActiveCfg = Release|Any CPU
		{FB132489-3A0B-4AC0-8417-F2AAF54FF437}.Release|Any CPU.Build.0 = Release|Any CPU
		{1A96822C-DB6B-4134-A182-95852702427D}.Debug|Any CPU.ActiveCfg = Debug|Any CPU
		{1A96822C-DB6B-4134-A182-95852702427D}.Debug|Any CPU.Build.0 = Debug|Any CPU
		{1A96822C-DB6B-4134-A182-95852702427D}.Release|Any CPU.ActiveCfg = Release|Any CPU
		{1A96822C-DB6B-4134-A182-95852702427D}.Release|Any CPU.Build.0 = Release|Any CPU
		{2CA2D06A-7345-4B10-A158-EDC0A44A2CB6}.Debug|Any CPU.ActiveCfg = Debug|Any CPU
		{2CA2D06A-7345-4B10-A158-EDC0A44A2CB6}.Debug|Any CPU.Build.0 = Debug|Any CPU
		{2CA2D06A-7345-4B10-A158-EDC0A44A2CB6}.Release|Any CPU.ActiveCfg = Release|Any CPU
		{2CA2D06A-7345-4B10-A158-EDC0A44A2CB6}.Release|Any CPU.Build.0 = Release|Any CPU
		{152C1E1F-1895-4F6B-AC7A-8FD362B0C22B}.Debug|Any CPU.ActiveCfg = Debug|Any CPU
		{152C1E1F-1895-4F6B-AC7A-8FD362B0C22B}.Debug|Any CPU.Build.0 = Debug|Any CPU
		{152C1E1F-1895-4F6B-AC7A-8FD362B0C22B}.Release|Any CPU.ActiveCfg = Release|Any CPU
		{152C1E1F-1895-4F6B-AC7A-8FD362B0C22B}.Release|Any CPU.Build.0 = Release|Any CPU
		{6D789F11-BADF-4F4E-A6D6-EA62E80E4A79}.Debug|Any CPU.ActiveCfg = Debug|Any CPU
		{6D789F11-BADF-4F4E-A6D6-EA62E80E4A79}.Debug|Any CPU.Build.0 = Debug|Any CPU
		{6D789F11-BADF-4F4E-A6D6-EA62E80E4A79}.Release|Any CPU.ActiveCfg = Release|Any CPU
		{6D789F11-BADF-4F4E-A6D6-EA62E80E4A79}.Release|Any CPU.Build.0 = Release|Any CPU
		{055B9681-B151-4763-B7B1-959BEC35509E}.Debug|Any CPU.ActiveCfg = Debug|Any CPU
		{055B9681-B151-4763-B7B1-959BEC35509E}.Debug|Any CPU.Build.0 = Debug|Any CPU
		{055B9681-B151-4763-B7B1-959BEC35509E}.Release|Any CPU.ActiveCfg = Release|Any CPU
		{055B9681-B151-4763-B7B1-959BEC35509E}.Release|Any CPU.Build.0 = Release|Any CPU
		{855E99C7-EB1D-4AC0-B086-21683B83DF9E}.Debug|Any CPU.ActiveCfg = Debug|Any CPU
		{855E99C7-EB1D-4AC0-B086-21683B83DF9E}.Debug|Any CPU.Build.0 = Debug|Any CPU
		{855E99C7-EB1D-4AC0-B086-21683B83DF9E}.Release|Any CPU.ActiveCfg = Release|Any CPU
		{855E99C7-EB1D-4AC0-B086-21683B83DF9E}.Release|Any CPU.Build.0 = Release|Any CPU
		{9576D480-0CB8-47DD-96D3-912CD53FC605}.Debug|Any CPU.ActiveCfg = Debug|Any CPU
		{9576D480-0CB8-47DD-96D3-912CD53FC605}.Debug|Any CPU.Build.0 = Debug|Any CPU
		{9576D480-0CB8-47DD-96D3-912CD53FC605}.Release|Any CPU.ActiveCfg = Release|Any CPU
		{9576D480-0CB8-47DD-96D3-912CD53FC605}.Release|Any CPU.Build.0 = Release|Any CPU
		{C6AD7546-FFC7-46A2-B960-7842479AFB81}.Debug|Any CPU.ActiveCfg = Debug|Any CPU
		{C6AD7546-FFC7-46A2-B960-7842479AFB81}.Debug|Any CPU.Build.0 = Debug|Any CPU
		{C6AD7546-FFC7-46A2-B960-7842479AFB81}.Release|Any CPU.ActiveCfg = Release|Any CPU
		{C6AD7546-FFC7-46A2-B960-7842479AFB81}.Release|Any CPU.Build.0 = Release|Any CPU
		{BA0D925A-0114-4791-A950-E25EF092ACC3}.Debug|Any CPU.ActiveCfg = Debug|Any CPU
		{BA0D925A-0114-4791-A950-E25EF092ACC3}.Debug|Any CPU.Build.0 = Debug|Any CPU
		{BA0D925A-0114-4791-A950-E25EF092ACC3}.Release|Any CPU.ActiveCfg = Release|Any CPU
		{BA0D925A-0114-4791-A950-E25EF092ACC3}.Release|Any CPU.Build.0 = Release|Any CPU
		{AEFCAF78-3F3D-4951-93BA-FE250F8800EE}.Debug|Any CPU.ActiveCfg = Debug|Any CPU
		{AEFCAF78-3F3D-4951-93BA-FE250F8800EE}.Debug|Any CPU.Build.0 = Debug|Any CPU
		{AEFCAF78-3F3D-4951-93BA-FE250F8800EE}.Release|Any CPU.ActiveCfg = Release|Any CPU
		{AEFCAF78-3F3D-4951-93BA-FE250F8800EE}.Release|Any CPU.Build.0 = Release|Any CPU
		{FE4AAA43-C3C0-4A71-BF67-473C9E1D2C20}.Debug|Any CPU.ActiveCfg = Debug|Any CPU
		{FE4AAA43-C3C0-4A71-BF67-473C9E1D2C20}.Debug|Any CPU.Build.0 = Debug|Any CPU
		{FE4AAA43-C3C0-4A71-BF67-473C9E1D2C20}.Release|Any CPU.ActiveCfg = Release|Any CPU
		{FE4AAA43-C3C0-4A71-BF67-473C9E1D2C20}.Release|Any CPU.Build.0 = Release|Any CPU
		{E1B7EE75-63E9-4C3F-BC1F-418D5444D1C1}.Debug|Any CPU.ActiveCfg = Debug|Any CPU
		{E1B7EE75-63E9-4C3F-BC1F-418D5444D1C1}.Debug|Any CPU.Build.0 = Debug|Any CPU
		{E1B7EE75-63E9-4C3F-BC1F-418D5444D1C1}.Release|Any CPU.ActiveCfg = Release|Any CPU
		{E1B7EE75-63E9-4C3F-BC1F-418D5444D1C1}.Release|Any CPU.Build.0 = Release|Any CPU
		{0D414AA0-4AA2-410B-A671-B313173D2FF6}.Debug|Any CPU.ActiveCfg = Debug|Any CPU
		{0D414AA0-4AA2-410B-A671-B313173D2FF6}.Debug|Any CPU.Build.0 = Debug|Any CPU
		{0D414AA0-4AA2-410B-A671-B313173D2FF6}.Release|Any CPU.ActiveCfg = Release|Any CPU
		{0D414AA0-4AA2-410B-A671-B313173D2FF6}.Release|Any CPU.Build.0 = Release|Any CPU
		{A81B9C83-1410-42E0-AAAC-533D16E9B7E5}.Debug|Any CPU.ActiveCfg = Debug|Any CPU
		{A81B9C83-1410-42E0-AAAC-533D16E9B7E5}.Debug|Any CPU.Build.0 = Debug|Any CPU
		{A81B9C83-1410-42E0-AAAC-533D16E9B7E5}.Release|Any CPU.ActiveCfg = Release|Any CPU
		{A81B9C83-1410-42E0-AAAC-533D16E9B7E5}.Release|Any CPU.Build.0 = Release|Any CPU
		{3E75C355-F368-4CB7-974F-AC5D0BF05F39}.Debug|Any CPU.ActiveCfg = Debug|Any CPU
		{3E75C355-F368-4CB7-974F-AC5D0BF05F39}.Debug|Any CPU.Build.0 = Debug|Any CPU
		{3E75C355-F368-4CB7-974F-AC5D0BF05F39}.Release|Any CPU.ActiveCfg = Release|Any CPU
		{3E75C355-F368-4CB7-974F-AC5D0BF05F39}.Release|Any CPU.Build.0 = Release|Any CPU
		{F6923046-4264-4FD7-B7E0-2C23794078B3}.Debug|Any CPU.ActiveCfg = Debug|Any CPU
		{F6923046-4264-4FD7-B7E0-2C23794078B3}.Debug|Any CPU.Build.0 = Debug|Any CPU
		{F6923046-4264-4FD7-B7E0-2C23794078B3}.Release|Any CPU.ActiveCfg = Release|Any CPU
		{F6923046-4264-4FD7-B7E0-2C23794078B3}.Release|Any CPU.Build.0 = Release|Any CPU
		{ACB2E68F-6F30-4AA5-BAAB-2CFAB19734FB}.Debug|Any CPU.ActiveCfg = Debug|Any CPU
		{ACB2E68F-6F30-4AA5-BAAB-2CFAB19734FB}.Debug|Any CPU.Build.0 = Debug|Any CPU
		{ACB2E68F-6F30-4AA5-BAAB-2CFAB19734FB}.Release|Any CPU.ActiveCfg = Release|Any CPU
		{ACB2E68F-6F30-4AA5-BAAB-2CFAB19734FB}.Release|Any CPU.Build.0 = Release|Any CPU
		{8E15026F-E6DC-46A6-BF33-896B23F5B4CE}.Debug|Any CPU.ActiveCfg = Debug|Any CPU
		{8E15026F-E6DC-46A6-BF33-896B23F5B4CE}.Debug|Any CPU.Build.0 = Debug|Any CPU
		{8E15026F-E6DC-46A6-BF33-896B23F5B4CE}.Release|Any CPU.ActiveCfg = Release|Any CPU
		{8E15026F-E6DC-46A6-BF33-896B23F5B4CE}.Release|Any CPU.Build.0 = Release|Any CPU
		{E683175F-36D3-4CC1-ADA0-B0126B5C7083}.Debug|Any CPU.ActiveCfg = Debug|Any CPU
		{E683175F-36D3-4CC1-ADA0-B0126B5C7083}.Debug|Any CPU.Build.0 = Debug|Any CPU
		{E683175F-36D3-4CC1-ADA0-B0126B5C7083}.Release|Any CPU.ActiveCfg = Release|Any CPU
		{E683175F-36D3-4CC1-ADA0-B0126B5C7083}.Release|Any CPU.Build.0 = Release|Any CPU
		{8454D29D-3996-4AAC-92E1-561D9833E604}.Debug|Any CPU.ActiveCfg = Debug|Any CPU
		{8454D29D-3996-4AAC-92E1-561D9833E604}.Debug|Any CPU.Build.0 = Debug|Any CPU
		{8454D29D-3996-4AAC-92E1-561D9833E604}.Release|Any CPU.ActiveCfg = Release|Any CPU
		{8454D29D-3996-4AAC-92E1-561D9833E604}.Release|Any CPU.Build.0 = Release|Any CPU
		{95BA3296-0488-41A9-B06A-3E417585CF7A}.Debug|Any CPU.ActiveCfg = Debug|Any CPU
		{95BA3296-0488-41A9-B06A-3E417585CF7A}.Debug|Any CPU.Build.0 = Debug|Any CPU
		{95BA3296-0488-41A9-B06A-3E417585CF7A}.Release|Any CPU.ActiveCfg = Release|Any CPU
		{95BA3296-0488-41A9-B06A-3E417585CF7A}.Release|Any CPU.Build.0 = Release|Any CPU
		{277372CA-81A4-4608-8318-1A1414CF32F7}.Debug|Any CPU.ActiveCfg = Debug|Any CPU
		{277372CA-81A4-4608-8318-1A1414CF32F7}.Debug|Any CPU.Build.0 = Debug|Any CPU
		{277372CA-81A4-4608-8318-1A1414CF32F7}.Release|Any CPU.ActiveCfg = Release|Any CPU
		{277372CA-81A4-4608-8318-1A1414CF32F7}.Release|Any CPU.Build.0 = Release|Any CPU
		{4195BEA8-B52D-4842-B350-21378DEA465A}.Debug|Any CPU.ActiveCfg = Debug|Any CPU
		{4195BEA8-B52D-4842-B350-21378DEA465A}.Debug|Any CPU.Build.0 = Debug|Any CPU
		{4195BEA8-B52D-4842-B350-21378DEA465A}.Release|Any CPU.ActiveCfg = Release|Any CPU
		{4195BEA8-B52D-4842-B350-21378DEA465A}.Release|Any CPU.Build.0 = Release|Any CPU
		{5C58E873-03E8-4D28-A243-7B9F7AD9C294}.Debug|Any CPU.ActiveCfg = Debug|Any CPU
		{5C58E873-03E8-4D28-A243-7B9F7AD9C294}.Debug|Any CPU.Build.0 = Debug|Any CPU
		{5C58E873-03E8-4D28-A243-7B9F7AD9C294}.Release|Any CPU.ActiveCfg = Release|Any CPU
		{5C58E873-03E8-4D28-A243-7B9F7AD9C294}.Release|Any CPU.Build.0 = Release|Any CPU
		{0D5218DD-F3A0-44A3-BCA3-C620FC592C73}.Debug|Any CPU.ActiveCfg = Debug|Any CPU
		{0D5218DD-F3A0-44A3-BCA3-C620FC592C73}.Debug|Any CPU.Build.0 = Debug|Any CPU
		{0D5218DD-F3A0-44A3-BCA3-C620FC592C73}.Release|Any CPU.ActiveCfg = Release|Any CPU
		{0D5218DD-F3A0-44A3-BCA3-C620FC592C73}.Release|Any CPU.Build.0 = Release|Any CPU
		{3C6E3DCA-A616-4403-A32E-BA623D4B0562}.Debug|Any CPU.ActiveCfg = Debug|Any CPU
		{3C6E3DCA-A616-4403-A32E-BA623D4B0562}.Debug|Any CPU.Build.0 = Debug|Any CPU
		{3C6E3DCA-A616-4403-A32E-BA623D4B0562}.Release|Any CPU.ActiveCfg = Release|Any CPU
		{3C6E3DCA-A616-4403-A32E-BA623D4B0562}.Release|Any CPU.Build.0 = Release|Any CPU
		{CE3ACA40-938D-4932-983D-E61BB01D7DFC}.Debug|Any CPU.ActiveCfg = Debug|Any CPU
		{CE3ACA40-938D-4932-983D-E61BB01D7DFC}.Debug|Any CPU.Build.0 = Debug|Any CPU
		{CE3ACA40-938D-4932-983D-E61BB01D7DFC}.Release|Any CPU.ActiveCfg = Release|Any CPU
		{CE3ACA40-938D-4932-983D-E61BB01D7DFC}.Release|Any CPU.Build.0 = Release|Any CPU
		{D7C025D4-8C7D-4325-B104-44E779E7EE97}.Debug|Any CPU.ActiveCfg = Debug|Any CPU
		{D7C025D4-8C7D-4325-B104-44E779E7EE97}.Debug|Any CPU.Build.0 = Debug|Any CPU
		{D7C025D4-8C7D-4325-B104-44E779E7EE97}.Release|Any CPU.ActiveCfg = Release|Any CPU
		{D7C025D4-8C7D-4325-B104-44E779E7EE97}.Release|Any CPU.Build.0 = Release|Any CPU
		{FED326F9-EAB2-4243-BA80-2EC09FE8FBC4}.Debug|Any CPU.ActiveCfg = Debug|Any CPU
		{FED326F9-EAB2-4243-BA80-2EC09FE8FBC4}.Debug|Any CPU.Build.0 = Debug|Any CPU
		{FED326F9-EAB2-4243-BA80-2EC09FE8FBC4}.Release|Any CPU.ActiveCfg = Release|Any CPU
		{FED326F9-EAB2-4243-BA80-2EC09FE8FBC4}.Release|Any CPU.Build.0 = Release|Any CPU
		{029EFE4D-C0D7-4BE7-BC1C-EDE377796BF2}.Debug|Any CPU.ActiveCfg = Debug|Any CPU
		{029EFE4D-C0D7-4BE7-BC1C-EDE377796BF2}.Debug|Any CPU.Build.0 = Debug|Any CPU
		{029EFE4D-C0D7-4BE7-BC1C-EDE377796BF2}.Release|Any CPU.ActiveCfg = Release|Any CPU
		{029EFE4D-C0D7-4BE7-BC1C-EDE377796BF2}.Release|Any CPU.Build.0 = Release|Any CPU
		{9C3E3B0E-B00E-40C4-954F-BB448661B210}.Debug|Any CPU.ActiveCfg = Debug|Any CPU
		{9C3E3B0E-B00E-40C4-954F-BB448661B210}.Debug|Any CPU.Build.0 = Debug|Any CPU
		{9C3E3B0E-B00E-40C4-954F-BB448661B210}.Release|Any CPU.ActiveCfg = Release|Any CPU
		{9C3E3B0E-B00E-40C4-954F-BB448661B210}.Release|Any CPU.Build.0 = Release|Any CPU
		{AE8C4BB2-4CD0-4E1D-A986-78981BBEC787}.Debug|Any CPU.ActiveCfg = Debug|Any CPU
		{AE8C4BB2-4CD0-4E1D-A986-78981BBEC787}.Debug|Any CPU.Build.0 = Debug|Any CPU
		{AE8C4BB2-4CD0-4E1D-A986-78981BBEC787}.Release|Any CPU.ActiveCfg = Release|Any CPU
		{AE8C4BB2-4CD0-4E1D-A986-78981BBEC787}.Release|Any CPU.Build.0 = Release|Any CPU
		{F140099E-7259-4A2E-811F-B942823DCEF7}.Debug|Any CPU.ActiveCfg = Debug|Any CPU
		{F140099E-7259-4A2E-811F-B942823DCEF7}.Debug|Any CPU.Build.0 = Debug|Any CPU
		{F140099E-7259-4A2E-811F-B942823DCEF7}.Release|Any CPU.ActiveCfg = Release|Any CPU
		{F140099E-7259-4A2E-811F-B942823DCEF7}.Release|Any CPU.Build.0 = Release|Any CPU
		{F5B1B48F-D684-4812-ACB5-C90F172FE42D}.Debug|Any CPU.ActiveCfg = Debug|Any CPU
		{F5B1B48F-D684-4812-ACB5-C90F172FE42D}.Debug|Any CPU.Build.0 = Debug|Any CPU
		{F5B1B48F-D684-4812-ACB5-C90F172FE42D}.Release|Any CPU.ActiveCfg = Release|Any CPU
		{F5B1B48F-D684-4812-ACB5-C90F172FE42D}.Release|Any CPU.Build.0 = Release|Any CPU
		{6093EC72-DD8A-4A28-8C5F-938C8CC21BE4}.Debug|Any CPU.ActiveCfg = Debug|Any CPU
		{6093EC72-DD8A-4A28-8C5F-938C8CC21BE4}.Debug|Any CPU.Build.0 = Debug|Any CPU
		{6093EC72-DD8A-4A28-8C5F-938C8CC21BE4}.Release|Any CPU.ActiveCfg = Release|Any CPU
		{6093EC72-DD8A-4A28-8C5F-938C8CC21BE4}.Release|Any CPU.Build.0 = Release|Any CPU
		{39207CE8-E2F5-4165-8CEB-2CD070B55B37}.Debug|Any CPU.ActiveCfg = Debug|Any CPU
		{39207CE8-E2F5-4165-8CEB-2CD070B55B37}.Debug|Any CPU.Build.0 = Debug|Any CPU
		{39207CE8-E2F5-4165-8CEB-2CD070B55B37}.Release|Any CPU.ActiveCfg = Release|Any CPU
		{39207CE8-E2F5-4165-8CEB-2CD070B55B37}.Release|Any CPU.Build.0 = Release|Any CPU
	EndGlobalSection
	GlobalSection(SolutionProperties) = preSolution
		HideSolutionNode = FALSE
	EndGlobalSection
EndGlobal
